// !$*UTF8*$!
{
	archiveVersion = 1;
	classes = {
	};
	objectVersion = 51;
	objects = {

/* Begin PBXBuildFile section */
		016B32267185FAE5927507E7 /* Pods_Tourme.framework in Frameworks */ = {isa = PBXBuildFile; fileRef = 489BD9A23260979112ABDACF /* Pods_Tourme.framework */; };
		032E0BC8F379943063CCA060 /* Pods_Tourme_TourmeUITests.framework in Frameworks */ = {isa = PBXBuildFile; fileRef = 4B0119BECD62D8C0F741048D /* Pods_Tourme_TourmeUITests.framework */; };
		4001889A2594B963005898B3 /* CategoryBusinessCollectionViewController.swift in Sources */ = {isa = PBXBuildFile; fileRef = 400188992594B963005898B3 /* CategoryBusinessCollectionViewController.swift */; };
		400A2B522591598A00BF98DC /* MainPageCategoriesCollectionViewCell.swift in Sources */ = {isa = PBXBuildFile; fileRef = 400A2B512591598A00BF98DC /* MainPageCategoriesCollectionViewCell.swift */; };
		401425752594F93800A8F842 /* BusinessesTableViewController.swift in Sources */ = {isa = PBXBuildFile; fileRef = 401425742594F93800A8F842 /* BusinessesTableViewController.swift */; };
		4040897B2593B33F00A44BA8 /* BusinessDetailViewController.swift in Sources */ = {isa = PBXBuildFile; fileRef = 4040897A2593B33F00A44BA8 /* BusinessDetailViewController.swift */; };
		405923482597B4F4009DDC12 /* YelpModel.swift in Sources */ = {isa = PBXBuildFile; fileRef = 405923472597B4F4009DDC12 /* YelpModel.swift */; };
		405923772597EA49009DDC12 /* Model.swift in Sources */ = {isa = PBXBuildFile; fileRef = 405923762597EA49009DDC12 /* Model.swift */; };
		409950E4259124140051B502 /* AppDelegate.swift in Sources */ = {isa = PBXBuildFile; fileRef = 409950E3259124140051B502 /* AppDelegate.swift */; };
		409950E6259124140051B502 /* SceneDelegate.swift in Sources */ = {isa = PBXBuildFile; fileRef = 409950E5259124140051B502 /* SceneDelegate.swift */; };
		409950E8259124140051B502 /* ViewController.swift in Sources */ = {isa = PBXBuildFile; fileRef = 409950E7259124140051B502 /* ViewController.swift */; };
		409950EB259124140051B502 /* Main.storyboard in Resources */ = {isa = PBXBuildFile; fileRef = 409950E9259124140051B502 /* Main.storyboard */; };
		409950ED2591241E0051B502 /* Assets.xcassets in Resources */ = {isa = PBXBuildFile; fileRef = 409950EC2591241E0051B502 /* Assets.xcassets */; };
		409950F02591241E0051B502 /* LaunchScreen.storyboard in Resources */ = {isa = PBXBuildFile; fileRef = 409950EE2591241E0051B502 /* LaunchScreen.storyboard */; };
		409950FB259124210051B502 /* TourmeTests.swift in Sources */ = {isa = PBXBuildFile; fileRef = 409950FA259124210051B502 /* TourmeTests.swift */; };
		40995106259124210051B502 /* TourmeUITests.swift in Sources */ = {isa = PBXBuildFile; fileRef = 40995105259124210051B502 /* TourmeUITests.swift */; };
		4099513125913FB60051B502 /* Utilities.swift in Sources */ = {isa = PBXBuildFile; fileRef = 4099511A25913EE90051B502 /* Utilities.swift */; };
		4099513F259140DE0051B502 /* mainTableViewCell.swift in Sources */ = {isa = PBXBuildFile; fileRef = 4099513E259140DE0051B502 /* mainTableViewCell.swift */; };
		40D9CD852593E8CC00749051 /* BusinessDetailGalleryCell.swift in Sources */ = {isa = PBXBuildFile; fileRef = 40D9CD842593E8CC00749051 /* BusinessDetailGalleryCell.swift */; };
		40E0C9172596C44C002C5A30 /* weatherData.swift in Sources */ = {isa = PBXBuildFile; fileRef = 40E0C9142596C44B002C5A30 /* weatherData.swift */; };
		40E0C9182596C44C002C5A30 /* WeatherModel.swift in Sources */ = {isa = PBXBuildFile; fileRef = 40E0C9152596C44B002C5A30 /* WeatherModel.swift */; };
		40E0C9192596C44C002C5A30 /* WeatherManger.swift in Sources */ = {isa = PBXBuildFile; fileRef = 40E0C9162596C44B002C5A30 /* WeatherManger.swift */; };
		40E0C9392596D42C002C5A30 /* YelpManger.swift in Sources */ = {isa = PBXBuildFile; fileRef = 40E0C9382596D42C002C5A30 /* YelpManger.swift */; };
		40E0C9422596D461002C5A30 /* YelpData.swift in Sources */ = {isa = PBXBuildFile; fileRef = 40E0C9412596D461002C5A30 /* YelpData.swift */; };
		ED527FDE79FD1147AEE74EC4 /* Pods_TourmeTests.framework in Frameworks */ = {isa = PBXBuildFile; fileRef = 587C1D87350F5BFC73591714 /* Pods_TourmeTests.framework */; };
/* End PBXBuildFile section */

/* Begin PBXContainerItemProxy section */
		409950F7259124210051B502 /* PBXContainerItemProxy */ = {
			isa = PBXContainerItemProxy;
			containerPortal = 409950D8259124130051B502 /* Project object */;
			proxyType = 1;
			remoteGlobalIDString = 409950DF259124140051B502;
			remoteInfo = Tourme;
		};
		40995102259124210051B502 /* PBXContainerItemProxy */ = {
			isa = PBXContainerItemProxy;
			containerPortal = 409950D8259124130051B502 /* Project object */;
			proxyType = 1;
			remoteGlobalIDString = 409950DF259124140051B502;
			remoteInfo = Tourme;
		};
/* End PBXContainerItemProxy section */

/* Begin PBXFileReference section */
		0E6116367B1F3C2B48E4E5A8 /* Pods-TourmeTests.release.xcconfig */ = {isa = PBXFileReference; includeInIndex = 1; lastKnownFileType = text.xcconfig; name = "Pods-TourmeTests.release.xcconfig"; path = "Target Support Files/Pods-TourmeTests/Pods-TourmeTests.release.xcconfig"; sourceTree = "<group>"; };
		400188992594B963005898B3 /* CategoryBusinessCollectionViewController.swift */ = {isa = PBXFileReference; lastKnownFileType = sourcecode.swift; path = CategoryBusinessCollectionViewController.swift; sourceTree = "<group>"; };
		400A2B512591598A00BF98DC /* MainPageCategoriesCollectionViewCell.swift */ = {isa = PBXFileReference; lastKnownFileType = sourcecode.swift; path = MainPageCategoriesCollectionViewCell.swift; sourceTree = "<group>"; };
		401425742594F93800A8F842 /* BusinessesTableViewController.swift */ = {isa = PBXFileReference; lastKnownFileType = sourcecode.swift; path = BusinessesTableViewController.swift; sourceTree = "<group>"; };
		4040897A2593B33F00A44BA8 /* BusinessDetailViewController.swift */ = {isa = PBXFileReference; lastKnownFileType = sourcecode.swift; path = BusinessDetailViewController.swift; sourceTree = "<group>"; };
		405923472597B4F4009DDC12 /* YelpModel.swift */ = {isa = PBXFileReference; lastKnownFileType = sourcecode.swift; path = YelpModel.swift; sourceTree = "<group>"; };
		405923762597EA49009DDC12 /* Model.swift */ = {isa = PBXFileReference; lastKnownFileType = sourcecode.swift; path = Model.swift; sourceTree = "<group>"; };
		409950E0259124140051B502 /* Tourme.app */ = {isa = PBXFileReference; explicitFileType = wrapper.application; includeInIndex = 0; path = Tourme.app; sourceTree = BUILT_PRODUCTS_DIR; };
		409950E3259124140051B502 /* AppDelegate.swift */ = {isa = PBXFileReference; lastKnownFileType = sourcecode.swift; path = AppDelegate.swift; sourceTree = "<group>"; };
		409950E5259124140051B502 /* SceneDelegate.swift */ = {isa = PBXFileReference; lastKnownFileType = sourcecode.swift; path = SceneDelegate.swift; sourceTree = "<group>"; };
		409950E7259124140051B502 /* ViewController.swift */ = {isa = PBXFileReference; lastKnownFileType = sourcecode.swift; path = ViewController.swift; sourceTree = "<group>"; };
		409950EA259124140051B502 /* Base */ = {isa = PBXFileReference; lastKnownFileType = file.storyboard; name = Base; path = Base.lproj/Main.storyboard; sourceTree = "<group>"; };
		409950EC2591241E0051B502 /* Assets.xcassets */ = {isa = PBXFileReference; lastKnownFileType = folder.assetcatalog; path = Assets.xcassets; sourceTree = "<group>"; };
		409950EF2591241E0051B502 /* Base */ = {isa = PBXFileReference; lastKnownFileType = file.storyboard; name = Base; path = Base.lproj/LaunchScreen.storyboard; sourceTree = "<group>"; };
		409950F12591241E0051B502 /* Info.plist */ = {isa = PBXFileReference; lastKnownFileType = text.plist.xml; path = Info.plist; sourceTree = "<group>"; };
		409950F6259124210051B502 /* TourmeTests.xctest */ = {isa = PBXFileReference; explicitFileType = wrapper.cfbundle; includeInIndex = 0; path = TourmeTests.xctest; sourceTree = BUILT_PRODUCTS_DIR; };
		409950FA259124210051B502 /* TourmeTests.swift */ = {isa = PBXFileReference; lastKnownFileType = sourcecode.swift; path = TourmeTests.swift; sourceTree = "<group>"; };
		409950FC259124210051B502 /* Info.plist */ = {isa = PBXFileReference; lastKnownFileType = text.plist.xml; path = Info.plist; sourceTree = "<group>"; };
		40995101259124210051B502 /* TourmeUITests.xctest */ = {isa = PBXFileReference; explicitFileType = wrapper.cfbundle; includeInIndex = 0; path = TourmeUITests.xctest; sourceTree = BUILT_PRODUCTS_DIR; };
		40995105259124210051B502 /* TourmeUITests.swift */ = {isa = PBXFileReference; lastKnownFileType = sourcecode.swift; path = TourmeUITests.swift; sourceTree = "<group>"; };
		40995107259124210051B502 /* Info.plist */ = {isa = PBXFileReference; lastKnownFileType = text.plist.xml; path = Info.plist; sourceTree = "<group>"; };
		4099511A25913EE90051B502 /* Utilities.swift */ = {isa = PBXFileReference; fileEncoding = 4; lastKnownFileType = sourcecode.swift; path = Utilities.swift; sourceTree = "<group>"; };
		4099513E259140DE0051B502 /* mainTableViewCell.swift */ = {isa = PBXFileReference; lastKnownFileType = sourcecode.swift; path = mainTableViewCell.swift; sourceTree = "<group>"; };
		40D9CD842593E8CC00749051 /* BusinessDetailGalleryCell.swift */ = {isa = PBXFileReference; fileEncoding = 4; lastKnownFileType = sourcecode.swift; path = BusinessDetailGalleryCell.swift; sourceTree = "<group>"; };
		40E0C9142596C44B002C5A30 /* weatherData.swift */ = {isa = PBXFileReference; fileEncoding = 4; lastKnownFileType = sourcecode.swift; path = weatherData.swift; sourceTree = "<group>"; };
		40E0C9152596C44B002C5A30 /* WeatherModel.swift */ = {isa = PBXFileReference; fileEncoding = 4; lastKnownFileType = sourcecode.swift; path = WeatherModel.swift; sourceTree = "<group>"; };
		40E0C9162596C44B002C5A30 /* WeatherManger.swift */ = {isa = PBXFileReference; fileEncoding = 4; lastKnownFileType = sourcecode.swift; path = WeatherManger.swift; sourceTree = "<group>"; };
		40E0C9382596D42C002C5A30 /* YelpManger.swift */ = {isa = PBXFileReference; lastKnownFileType = sourcecode.swift; path = YelpManger.swift; sourceTree = "<group>"; };
		40E0C9412596D461002C5A30 /* YelpData.swift */ = {isa = PBXFileReference; lastKnownFileType = sourcecode.swift; path = YelpData.swift; sourceTree = "<group>"; };
		489BD9A23260979112ABDACF /* Pods_Tourme.framework */ = {isa = PBXFileReference; explicitFileType = wrapper.framework; includeInIndex = 0; path = Pods_Tourme.framework; sourceTree = BUILT_PRODUCTS_DIR; };
		4B0119BECD62D8C0F741048D /* Pods_Tourme_TourmeUITests.framework */ = {isa = PBXFileReference; explicitFileType = wrapper.framework; includeInIndex = 0; path = Pods_Tourme_TourmeUITests.framework; sourceTree = BUILT_PRODUCTS_DIR; };
		4D3C40770ED0612EE96ADB41 /* Pods-Tourme-TourmeUITests.release.xcconfig */ = {isa = PBXFileReference; includeInIndex = 1; lastKnownFileType = text.xcconfig; name = "Pods-Tourme-TourmeUITests.release.xcconfig"; path = "Target Support Files/Pods-Tourme-TourmeUITests/Pods-Tourme-TourmeUITests.release.xcconfig"; sourceTree = "<group>"; };
		587C1D87350F5BFC73591714 /* Pods_TourmeTests.framework */ = {isa = PBXFileReference; explicitFileType = wrapper.framework; includeInIndex = 0; path = Pods_TourmeTests.framework; sourceTree = BUILT_PRODUCTS_DIR; };
		AB15C6A16CF9A17FD6C433BB /* Pods-Tourme.release.xcconfig */ = {isa = PBXFileReference; includeInIndex = 1; lastKnownFileType = text.xcconfig; name = "Pods-Tourme.release.xcconfig"; path = "Target Support Files/Pods-Tourme/Pods-Tourme.release.xcconfig"; sourceTree = "<group>"; };
		AF80170B2E3F1F894170A580 /* Pods-TourmeTests.debug.xcconfig */ = {isa = PBXFileReference; includeInIndex = 1; lastKnownFileType = text.xcconfig; name = "Pods-TourmeTests.debug.xcconfig"; path = "Target Support Files/Pods-TourmeTests/Pods-TourmeTests.debug.xcconfig"; sourceTree = "<group>"; };
		D28E613E18671E3E225205E1 /* Pods-Tourme.debug.xcconfig */ = {isa = PBXFileReference; includeInIndex = 1; lastKnownFileType = text.xcconfig; name = "Pods-Tourme.debug.xcconfig"; path = "Target Support Files/Pods-Tourme/Pods-Tourme.debug.xcconfig"; sourceTree = "<group>"; };
		FC6770AC2272772F0C6E41E2 /* Pods-Tourme-TourmeUITests.debug.xcconfig */ = {isa = PBXFileReference; includeInIndex = 1; lastKnownFileType = text.xcconfig; name = "Pods-Tourme-TourmeUITests.debug.xcconfig"; path = "Target Support Files/Pods-Tourme-TourmeUITests/Pods-Tourme-TourmeUITests.debug.xcconfig"; sourceTree = "<group>"; };
/* End PBXFileReference section */

/* Begin PBXFrameworksBuildPhase section */
		409950DD259124140051B502 /* Frameworks */ = {
			isa = PBXFrameworksBuildPhase;
			buildActionMask = 2147483647;
			files = (
				016B32267185FAE5927507E7 /* Pods_Tourme.framework in Frameworks */,
			);
			runOnlyForDeploymentPostprocessing = 0;
		};
		409950F3259124210051B502 /* Frameworks */ = {
			isa = PBXFrameworksBuildPhase;
			buildActionMask = 2147483647;
			files = (
				ED527FDE79FD1147AEE74EC4 /* Pods_TourmeTests.framework in Frameworks */,
			);
			runOnlyForDeploymentPostprocessing = 0;
		};
		409950FE259124210051B502 /* Frameworks */ = {
			isa = PBXFrameworksBuildPhase;
			buildActionMask = 2147483647;
			files = (
				032E0BC8F379943063CCA060 /* Pods_Tourme_TourmeUITests.framework in Frameworks */,
			);
			runOnlyForDeploymentPostprocessing = 0;
		};
/* End PBXFrameworksBuildPhase section */

/* Begin PBXGroup section */
		409950D7259124130051B502 = {
			isa = PBXGroup;
			children = (
				409950E2259124140051B502 /* Tourme */,
				409950F9259124210051B502 /* TourmeTests */,
				40995104259124210051B502 /* TourmeUITests */,
				409950E1259124140051B502 /* Products */,
				5705D402E3322CD37135D0BD /* Pods */,
				C06183897BBA3BB400A39CF2 /* Frameworks */,
			);
			sourceTree = "<group>";
		};
		409950E1259124140051B502 /* Products */ = {
			isa = PBXGroup;
			children = (
				409950E0259124140051B502 /* Tourme.app */,
				409950F6259124210051B502 /* TourmeTests.xctest */,
				40995101259124210051B502 /* TourmeUITests.xctest */,
			);
			name = Products;
			sourceTree = "<group>";
		};
		409950E2259124140051B502 /* Tourme */ = {
			isa = PBXGroup;
			children = (
				409950E3259124140051B502 /* AppDelegate.swift */,
				409950E5259124140051B502 /* SceneDelegate.swift */,
				40E0C9402596D43C002C5A30 /* Networking */,
				40995146259140E60051B502 /* Model */,
				4099514A259140F60051B502 /* View */,
				4099514B259140FB0051B502 /* Controller */,
				409950EC2591241E0051B502 /* Assets.xcassets */,
				409950EE2591241E0051B502 /* LaunchScreen.storyboard */,
				409950F12591241E0051B502 /* Info.plist */,
				4099511A25913EE90051B502 /* Utilities.swift */,
			);
			path = Tourme;
			sourceTree = "<group>";
		};
		409950F9259124210051B502 /* TourmeTests */ = {
			isa = PBXGroup;
			children = (
				409950FA259124210051B502 /* TourmeTests.swift */,
				409950FC259124210051B502 /* Info.plist */,
			);
			path = TourmeTests;
			sourceTree = "<group>";
		};
		40995104259124210051B502 /* TourmeUITests */ = {
			isa = PBXGroup;
			children = (
				40995105259124210051B502 /* TourmeUITests.swift */,
				40995107259124210051B502 /* Info.plist */,
			);
			path = TourmeUITests;
			sourceTree = "<group>";
		};
		40995146259140E60051B502 /* Model */ = {
			isa = PBXGroup;
			children = (
				40E0C9372596D406002C5A30 /* Yelp API+Model */,
				40E0C9132596C44B002C5A30 /* Wearther API+Model */,
			);
			path = Model;
			sourceTree = "<group>";
		};
		4099514A259140F60051B502 /* View */ = {
			isa = PBXGroup;
			children = (
				409950E9259124140051B502 /* Main.storyboard */,
				4099513E259140DE0051B502 /* mainTableViewCell.swift */,
				400A2B512591598A00BF98DC /* MainPageCategoriesCollectionViewCell.swift */,
				40D9CD842593E8CC00749051 /* BusinessDetailGalleryCell.swift */,
			);
			path = View;
			sourceTree = "<group>";
		};
		4099514B259140FB0051B502 /* Controller */ = {
			isa = PBXGroup;
			children = (
				409950E7259124140051B502 /* ViewController.swift */,
				4040897A2593B33F00A44BA8 /* BusinessDetailViewController.swift */,
				400188992594B963005898B3 /* CategoryBusinessCollectionViewController.swift */,
				401425742594F93800A8F842 /* BusinessesTableViewController.swift */,
			);
			path = Controller;
			sourceTree = "<group>";
		};
		40E0C9132596C44B002C5A30 /* Wearther API+Model */ = {
			isa = PBXGroup;
			children = (
				40E0C9142596C44B002C5A30 /* weatherData.swift */,
				40E0C9152596C44B002C5A30 /* WeatherModel.swift */,
			);
			path = "Wearther API+Model";
			sourceTree = "<group>";
		};
		40E0C9372596D406002C5A30 /* Yelp API+Model */ = {
			isa = PBXGroup;
			children = (
				40E0C9412596D461002C5A30 /* YelpData.swift */,
				405923472597B4F4009DDC12 /* YelpModel.swift */,
				405923762597EA49009DDC12 /* Model.swift */,
			);
			path = "Yelp API+Model";
			sourceTree = "<group>";
		};
		40E0C9402596D43C002C5A30 /* Networking */ = {
			isa = PBXGroup;
			children = (
				40E0C9382596D42C002C5A30 /* YelpManger.swift */,
				40E0C9162596C44B002C5A30 /* WeatherManger.swift */,
			);
			path = Networking;
			sourceTree = "<group>";
		};
		5705D402E3322CD37135D0BD /* Pods */ = {
			isa = PBXGroup;
			children = (
				D28E613E18671E3E225205E1 /* Pods-Tourme.debug.xcconfig */,
				AB15C6A16CF9A17FD6C433BB /* Pods-Tourme.release.xcconfig */,
				FC6770AC2272772F0C6E41E2 /* Pods-Tourme-TourmeUITests.debug.xcconfig */,
				4D3C40770ED0612EE96ADB41 /* Pods-Tourme-TourmeUITests.release.xcconfig */,
				AF80170B2E3F1F894170A580 /* Pods-TourmeTests.debug.xcconfig */,
				0E6116367B1F3C2B48E4E5A8 /* Pods-TourmeTests.release.xcconfig */,
			);
			path = Pods;
			sourceTree = "<group>";
		};
		C06183897BBA3BB400A39CF2 /* Frameworks */ = {
			isa = PBXGroup;
			children = (
				489BD9A23260979112ABDACF /* Pods_Tourme.framework */,
				4B0119BECD62D8C0F741048D /* Pods_Tourme_TourmeUITests.framework */,
				587C1D87350F5BFC73591714 /* Pods_TourmeTests.framework */,
			);
			name = Frameworks;
			sourceTree = "<group>";
		};
/* End PBXGroup section */

/* Begin PBXNativeTarget section */
		409950DF259124140051B502 /* Tourme */ = {
			isa = PBXNativeTarget;
			buildConfigurationList = 4099510A259124210051B502 /* Build configuration list for PBXNativeTarget "Tourme" */;
			buildPhases = (
				7785A8A6B2B23F61F731CE3B /* [CP] Check Pods Manifest.lock */,
				409950DC259124140051B502 /* Sources */,
				409950DD259124140051B502 /* Frameworks */,
				409950DE259124140051B502 /* Resources */,
				E4A481E35A0E4E2F4BE8C5A9 /* [CP] Embed Pods Frameworks */,
			);
			buildRules = (
			);
			dependencies = (
			);
			name = Tourme;
			productName = Tourme;
			productReference = 409950E0259124140051B502 /* Tourme.app */;
			productType = "com.apple.product-type.application";
		};
		409950F5259124210051B502 /* TourmeTests */ = {
			isa = PBXNativeTarget;
			buildConfigurationList = 4099510D259124210051B502 /* Build configuration list for PBXNativeTarget "TourmeTests" */;
			buildPhases = (
				8CE67FC3731BD36CFE5F6B42 /* [CP] Check Pods Manifest.lock */,
				409950F2259124210051B502 /* Sources */,
				409950F3259124210051B502 /* Frameworks */,
				409950F4259124210051B502 /* Resources */,
			);
			buildRules = (
			);
			dependencies = (
				409950F8259124210051B502 /* PBXTargetDependency */,
			);
			name = TourmeTests;
			productName = TourmeTests;
			productReference = 409950F6259124210051B502 /* TourmeTests.xctest */;
			productType = "com.apple.product-type.bundle.unit-test";
		};
		40995100259124210051B502 /* TourmeUITests */ = {
			isa = PBXNativeTarget;
			buildConfigurationList = 40995110259124210051B502 /* Build configuration list for PBXNativeTarget "TourmeUITests" */;
			buildPhases = (
				E0A2EFC7C83FF1B76A247A55 /* [CP] Check Pods Manifest.lock */,
				409950FD259124210051B502 /* Sources */,
				409950FE259124210051B502 /* Frameworks */,
				409950FF259124210051B502 /* Resources */,
				7779ADB5E29D5AC83863EFA2 /* [CP] Embed Pods Frameworks */,
			);
			buildRules = (
			);
			dependencies = (
				40995103259124210051B502 /* PBXTargetDependency */,
			);
			name = TourmeUITests;
			productName = TourmeUITests;
			productReference = 40995101259124210051B502 /* TourmeUITests.xctest */;
			productType = "com.apple.product-type.bundle.ui-testing";
		};
/* End PBXNativeTarget section */

/* Begin PBXProject section */
		409950D8259124130051B502 /* Project object */ = {
			isa = PBXProject;
			attributes = {
				LastSwiftUpdateCheck = 1220;
				LastUpgradeCheck = 1220;
				TargetAttributes = {
					409950DF259124140051B502 = {
						CreatedOnToolsVersion = 12.2;
					};
					409950F5259124210051B502 = {
						CreatedOnToolsVersion = 12.2;
						TestTargetID = 409950DF259124140051B502;
					};
					40995100259124210051B502 = {
						CreatedOnToolsVersion = 12.2;
						TestTargetID = 409950DF259124140051B502;
					};
				};
			};
			buildConfigurationList = 409950DB259124130051B502 /* Build configuration list for PBXProject "Tourme" */;
			compatibilityVersion = "Xcode 9.3";
			developmentRegion = en;
			hasScannedForEncodings = 0;
			knownRegions = (
				en,
				Base,
			);
			mainGroup = 409950D7259124130051B502;
			productRefGroup = 409950E1259124140051B502 /* Products */;
			projectDirPath = "";
			projectRoot = "";
			targets = (
				409950DF259124140051B502 /* Tourme */,
				409950F5259124210051B502 /* TourmeTests */,
				40995100259124210051B502 /* TourmeUITests */,
			);
		};
/* End PBXProject section */

/* Begin PBXResourcesBuildPhase section */
		409950DE259124140051B502 /* Resources */ = {
			isa = PBXResourcesBuildPhase;
			buildActionMask = 2147483647;
			files = (
				409950F02591241E0051B502 /* LaunchScreen.storyboard in Resources */,
				409950ED2591241E0051B502 /* Assets.xcassets in Resources */,
				409950EB259124140051B502 /* Main.storyboard in Resources */,
			);
			runOnlyForDeploymentPostprocessing = 0;
		};
		409950F4259124210051B502 /* Resources */ = {
			isa = PBXResourcesBuildPhase;
			buildActionMask = 2147483647;
			files = (
			);
			runOnlyForDeploymentPostprocessing = 0;
		};
		409950FF259124210051B502 /* Resources */ = {
			isa = PBXResourcesBuildPhase;
			buildActionMask = 2147483647;
			files = (
			);
			runOnlyForDeploymentPostprocessing = 0;
		};
/* End PBXResourcesBuildPhase section */

/* Begin PBXShellScriptBuildPhase section */
		7779ADB5E29D5AC83863EFA2 /* [CP] Embed Pods Frameworks */ = {
			isa = PBXShellScriptBuildPhase;
			buildActionMask = 2147483647;
			files = (
			);
			inputFileListPaths = (
				"${PODS_ROOT}/Target Support Files/Pods-Tourme-TourmeUITests/Pods-Tourme-TourmeUITests-frameworks-${CONFIGURATION}-input-files.xcfilelist",
			);
			name = "[CP] Embed Pods Frameworks";
			outputFileListPaths = (
				"${PODS_ROOT}/Target Support Files/Pods-Tourme-TourmeUITests/Pods-Tourme-TourmeUITests-frameworks-${CONFIGURATION}-output-files.xcfilelist",
			);
			runOnlyForDeploymentPostprocessing = 0;
			shellPath = /bin/sh;
			shellScript = "\"${PODS_ROOT}/Target Support Files/Pods-Tourme-TourmeUITests/Pods-Tourme-TourmeUITests-frameworks.sh\"\n";
			showEnvVarsInLog = 0;
		};
		7785A8A6B2B23F61F731CE3B /* [CP] Check Pods Manifest.lock */ = {
			isa = PBXShellScriptBuildPhase;
			buildActionMask = 2147483647;
			files = (
			);
			inputFileListPaths = (
			);
			inputPaths = (
				"${PODS_PODFILE_DIR_PATH}/Podfile.lock",
				"${PODS_ROOT}/Manifest.lock",
			);
			name = "[CP] Check Pods Manifest.lock";
			outputFileListPaths = (
			);
			outputPaths = (
				"$(DERIVED_FILE_DIR)/Pods-Tourme-checkManifestLockResult.txt",
			);
			runOnlyForDeploymentPostprocessing = 0;
			shellPath = /bin/sh;
			shellScript = "diff \"${PODS_PODFILE_DIR_PATH}/Podfile.lock\" \"${PODS_ROOT}/Manifest.lock\" > /dev/null\nif [ $? != 0 ] ; then\n    # print error to STDERR\n    echo \"error: The sandbox is not in sync with the Podfile.lock. Run 'pod install' or update your CocoaPods installation.\" >&2\n    exit 1\nfi\n# This output is used by Xcode 'outputs' to avoid re-running this script phase.\necho \"SUCCESS\" > \"${SCRIPT_OUTPUT_FILE_0}\"\n";
			showEnvVarsInLog = 0;
		};
		8CE67FC3731BD36CFE5F6B42 /* [CP] Check Pods Manifest.lock */ = {
			isa = PBXShellScriptBuildPhase;
			buildActionMask = 2147483647;
			files = (
			);
			inputFileListPaths = (
			);
			inputPaths = (
				"${PODS_PODFILE_DIR_PATH}/Podfile.lock",
				"${PODS_ROOT}/Manifest.lock",
			);
			name = "[CP] Check Pods Manifest.lock";
			outputFileListPaths = (
			);
			outputPaths = (
				"$(DERIVED_FILE_DIR)/Pods-TourmeTests-checkManifestLockResult.txt",
			);
			runOnlyForDeploymentPostprocessing = 0;
			shellPath = /bin/sh;
			shellScript = "diff \"${PODS_PODFILE_DIR_PATH}/Podfile.lock\" \"${PODS_ROOT}/Manifest.lock\" > /dev/null\nif [ $? != 0 ] ; then\n    # print error to STDERR\n    echo \"error: The sandbox is not in sync with the Podfile.lock. Run 'pod install' or update your CocoaPods installation.\" >&2\n    exit 1\nfi\n# This output is used by Xcode 'outputs' to avoid re-running this script phase.\necho \"SUCCESS\" > \"${SCRIPT_OUTPUT_FILE_0}\"\n";
			showEnvVarsInLog = 0;
		};
		E0A2EFC7C83FF1B76A247A55 /* [CP] Check Pods Manifest.lock */ = {
			isa = PBXShellScriptBuildPhase;
			buildActionMask = 2147483647;
			files = (
			);
			inputFileListPaths = (
			);
			inputPaths = (
				"${PODS_PODFILE_DIR_PATH}/Podfile.lock",
				"${PODS_ROOT}/Manifest.lock",
			);
			name = "[CP] Check Pods Manifest.lock";
			outputFileListPaths = (
			);
			outputPaths = (
				"$(DERIVED_FILE_DIR)/Pods-Tourme-TourmeUITests-checkManifestLockResult.txt",
			);
			runOnlyForDeploymentPostprocessing = 0;
			shellPath = /bin/sh;
			shellScript = "diff \"${PODS_PODFILE_DIR_PATH}/Podfile.lock\" \"${PODS_ROOT}/Manifest.lock\" > /dev/null\nif [ $? != 0 ] ; then\n    # print error to STDERR\n    echo \"error: The sandbox is not in sync with the Podfile.lock. Run 'pod install' or update your CocoaPods installation.\" >&2\n    exit 1\nfi\n# This output is used by Xcode 'outputs' to avoid re-running this script phase.\necho \"SUCCESS\" > \"${SCRIPT_OUTPUT_FILE_0}\"\n";
			showEnvVarsInLog = 0;
		};
		E4A481E35A0E4E2F4BE8C5A9 /* [CP] Embed Pods Frameworks */ = {
			isa = PBXShellScriptBuildPhase;
			buildActionMask = 2147483647;
			files = (
			);
			inputFileListPaths = (
				"${PODS_ROOT}/Target Support Files/Pods-Tourme/Pods-Tourme-frameworks-${CONFIGURATION}-input-files.xcfilelist",
			);
			name = "[CP] Embed Pods Frameworks";
			outputFileListPaths = (
				"${PODS_ROOT}/Target Support Files/Pods-Tourme/Pods-Tourme-frameworks-${CONFIGURATION}-output-files.xcfilelist",
			);
			runOnlyForDeploymentPostprocessing = 0;
			shellPath = /bin/sh;
			shellScript = "\"${PODS_ROOT}/Target Support Files/Pods-Tourme/Pods-Tourme-frameworks.sh\"\n";
			showEnvVarsInLog = 0;
		};
/* End PBXShellScriptBuildPhase section */

/* Begin PBXSourcesBuildPhase section */
		409950DC259124140051B502 /* Sources */ = {
			isa = PBXSourcesBuildPhase;
			buildActionMask = 2147483647;
			files = (
				409950E8259124140051B502 /* ViewController.swift in Sources */,
				409950E4259124140051B502 /* AppDelegate.swift in Sources */,
				4099513F259140DE0051B502 /* mainTableViewCell.swift in Sources */,
				4099513125913FB60051B502 /* Utilities.swift in Sources */,
				40E0C9422596D461002C5A30 /* YelpData.swift in Sources */,
				405923482597B4F4009DDC12 /* YelpModel.swift in Sources */,
				40E0C9172596C44C002C5A30 /* weatherData.swift in Sources */,
				400A2B522591598A00BF98DC /* MainPageCategoriesCollectionViewCell.swift in Sources */,
				401425752594F93800A8F842 /* BusinessesTableViewController.swift in Sources */,
				40D9CD852593E8CC00749051 /* BusinessDetailGalleryCell.swift in Sources */,
				405923772597EA49009DDC12 /* Model.swift in Sources */,
				40E0C9192596C44C002C5A30 /* WeatherManger.swift in Sources */,
				4040897B2593B33F00A44BA8 /* BusinessDetailViewController.swift in Sources */,
				4001889A2594B963005898B3 /* CategoryBusinessCollectionViewController.swift in Sources */,
				40E0C9182596C44C002C5A30 /* WeatherModel.swift in Sources */,
				409950E6259124140051B502 /* SceneDelegate.swift in Sources */,
				40E0C9392596D42C002C5A30 /* YelpManger.swift in Sources */,
			);
			runOnlyForDeploymentPostprocessing = 0;
		};
		409950F2259124210051B502 /* Sources */ = {
			isa = PBXSourcesBuildPhase;
			buildActionMask = 2147483647;
			files = (
				409950FB259124210051B502 /* TourmeTests.swift in Sources */,
			);
			runOnlyForDeploymentPostprocessing = 0;
		};
		409950FD259124210051B502 /* Sources */ = {
			isa = PBXSourcesBuildPhase;
			buildActionMask = 2147483647;
			files = (
				40995106259124210051B502 /* TourmeUITests.swift in Sources */,
			);
			runOnlyForDeploymentPostprocessing = 0;
		};
/* End PBXSourcesBuildPhase section */

/* Begin PBXTargetDependency section */
		409950F8259124210051B502 /* PBXTargetDependency */ = {
			isa = PBXTargetDependency;
			target = 409950DF259124140051B502 /* Tourme */;
			targetProxy = 409950F7259124210051B502 /* PBXContainerItemProxy */;
		};
		40995103259124210051B502 /* PBXTargetDependency */ = {
			isa = PBXTargetDependency;
			target = 409950DF259124140051B502 /* Tourme */;
			targetProxy = 40995102259124210051B502 /* PBXContainerItemProxy */;
		};
/* End PBXTargetDependency section */

/* Begin PBXVariantGroup section */
		409950E9259124140051B502 /* Main.storyboard */ = {
			isa = PBXVariantGroup;
			children = (
				409950EA259124140051B502 /* Base */,
			);
			name = Main.storyboard;
			sourceTree = "<group>";
		};
		409950EE2591241E0051B502 /* LaunchScreen.storyboard */ = {
			isa = PBXVariantGroup;
			children = (
				409950EF2591241E0051B502 /* Base */,
			);
			name = LaunchScreen.storyboard;
			sourceTree = "<group>";
		};
/* End PBXVariantGroup section */

/* Begin XCBuildConfiguration section */
		40995108259124210051B502 /* Debug */ = {
			isa = XCBuildConfiguration;
			buildSettings = {
				ALWAYS_SEARCH_USER_PATHS = NO;
				CLANG_ANALYZER_NONNULL = YES;
				CLANG_ANALYZER_NUMBER_OBJECT_CONVERSION = YES_AGGRESSIVE;
				CLANG_CXX_LANGUAGE_STANDARD = "gnu++14";
				CLANG_CXX_LIBRARY = "libc++";
				CLANG_ENABLE_MODULES = YES;
				CLANG_ENABLE_OBJC_ARC = YES;
				CLANG_ENABLE_OBJC_WEAK = YES;
				CLANG_WARN_BLOCK_CAPTURE_AUTORELEASING = YES;
				CLANG_WARN_BOOL_CONVERSION = YES;
				CLANG_WARN_COMMA = YES;
				CLANG_WARN_CONSTANT_CONVERSION = YES;
				CLANG_WARN_DEPRECATED_OBJC_IMPLEMENTATIONS = YES;
				CLANG_WARN_DIRECT_OBJC_ISA_USAGE = YES_ERROR;
				CLANG_WARN_DOCUMENTATION_COMMENTS = YES;
				CLANG_WARN_EMPTY_BODY = YES;
				CLANG_WARN_ENUM_CONVERSION = YES;
				CLANG_WARN_INFINITE_RECURSION = YES;
				CLANG_WARN_INT_CONVERSION = YES;
				CLANG_WARN_NON_LITERAL_NULL_CONVERSION = YES;
				CLANG_WARN_OBJC_IMPLICIT_RETAIN_SELF = YES;
				CLANG_WARN_OBJC_LITERAL_CONVERSION = YES;
				CLANG_WARN_OBJC_ROOT_CLASS = YES_ERROR;
				CLANG_WARN_QUOTED_INCLUDE_IN_FRAMEWORK_HEADER = YES;
				CLANG_WARN_RANGE_LOOP_ANALYSIS = YES;
				CLANG_WARN_STRICT_PROTOTYPES = YES;
				CLANG_WARN_SUSPICIOUS_MOVE = YES;
				CLANG_WARN_UNGUARDED_AVAILABILITY = YES_AGGRESSIVE;
				CLANG_WARN_UNREACHABLE_CODE = YES;
				CLANG_WARN__DUPLICATE_METHOD_MATCH = YES;
				COPY_PHASE_STRIP = NO;
				DEBUG_INFORMATION_FORMAT = dwarf;
				ENABLE_STRICT_OBJC_MSGSEND = YES;
				ENABLE_TESTABILITY = YES;
				GCC_C_LANGUAGE_STANDARD = gnu11;
				GCC_DYNAMIC_NO_PIC = NO;
				GCC_NO_COMMON_BLOCKS = YES;
				GCC_OPTIMIZATION_LEVEL = 0;
				GCC_PREPROCESSOR_DEFINITIONS = (
					"DEBUG=1",
					"$(inherited)",
				);
				GCC_WARN_64_TO_32_BIT_CONVERSION = YES;
				GCC_WARN_ABOUT_RETURN_TYPE = YES_ERROR;
				GCC_WARN_UNDECLARED_SELECTOR = YES;
				GCC_WARN_UNINITIALIZED_AUTOS = YES_AGGRESSIVE;
				GCC_WARN_UNUSED_FUNCTION = YES;
				GCC_WARN_UNUSED_VARIABLE = YES;
				IPHONEOS_DEPLOYMENT_TARGET = 14.2;
				MTL_ENABLE_DEBUG_INFO = INCLUDE_SOURCE;
				MTL_FAST_MATH = YES;
				ONLY_ACTIVE_ARCH = YES;
				SDKROOT = iphoneos;
				SWIFT_ACTIVE_COMPILATION_CONDITIONS = DEBUG;
				SWIFT_OPTIMIZATION_LEVEL = "-Onone";
			};
			name = Debug;
		};
		40995109259124210051B502 /* Release */ = {
			isa = XCBuildConfiguration;
			buildSettings = {
				ALWAYS_SEARCH_USER_PATHS = NO;
				CLANG_ANALYZER_NONNULL = YES;
				CLANG_ANALYZER_NUMBER_OBJECT_CONVERSION = YES_AGGRESSIVE;
				CLANG_CXX_LANGUAGE_STANDARD = "gnu++14";
				CLANG_CXX_LIBRARY = "libc++";
				CLANG_ENABLE_MODULES = YES;
				CLANG_ENABLE_OBJC_ARC = YES;
				CLANG_ENABLE_OBJC_WEAK = YES;
				CLANG_WARN_BLOCK_CAPTURE_AUTORELEASING = YES;
				CLANG_WARN_BOOL_CONVERSION = YES;
				CLANG_WARN_COMMA = YES;
				CLANG_WARN_CONSTANT_CONVERSION = YES;
				CLANG_WARN_DEPRECATED_OBJC_IMPLEMENTATIONS = YES;
				CLANG_WARN_DIRECT_OBJC_ISA_USAGE = YES_ERROR;
				CLANG_WARN_DOCUMENTATION_COMMENTS = YES;
				CLANG_WARN_EMPTY_BODY = YES;
				CLANG_WARN_ENUM_CONVERSION = YES;
				CLANG_WARN_INFINITE_RECURSION = YES;
				CLANG_WARN_INT_CONVERSION = YES;
				CLANG_WARN_NON_LITERAL_NULL_CONVERSION = YES;
				CLANG_WARN_OBJC_IMPLICIT_RETAIN_SELF = YES;
				CLANG_WARN_OBJC_LITERAL_CONVERSION = YES;
				CLANG_WARN_OBJC_ROOT_CLASS = YES_ERROR;
				CLANG_WARN_QUOTED_INCLUDE_IN_FRAMEWORK_HEADER = YES;
				CLANG_WARN_RANGE_LOOP_ANALYSIS = YES;
				CLANG_WARN_STRICT_PROTOTYPES = YES;
				CLANG_WARN_SUSPICIOUS_MOVE = YES;
				CLANG_WARN_UNGUARDED_AVAILABILITY = YES_AGGRESSIVE;
				CLANG_WARN_UNREACHABLE_CODE = YES;
				CLANG_WARN__DUPLICATE_METHOD_MATCH = YES;
				COPY_PHASE_STRIP = NO;
				DEBUG_INFORMATION_FORMAT = "dwarf-with-dsym";
				ENABLE_NS_ASSERTIONS = NO;
				ENABLE_STRICT_OBJC_MSGSEND = YES;
				GCC_C_LANGUAGE_STANDARD = gnu11;
				GCC_NO_COMMON_BLOCKS = YES;
				GCC_WARN_64_TO_32_BIT_CONVERSION = YES;
				GCC_WARN_ABOUT_RETURN_TYPE = YES_ERROR;
				GCC_WARN_UNDECLARED_SELECTOR = YES;
				GCC_WARN_UNINITIALIZED_AUTOS = YES_AGGRESSIVE;
				GCC_WARN_UNUSED_FUNCTION = YES;
				GCC_WARN_UNUSED_VARIABLE = YES;
				IPHONEOS_DEPLOYMENT_TARGET = 14.2;
				MTL_ENABLE_DEBUG_INFO = NO;
				MTL_FAST_MATH = YES;
				SDKROOT = iphoneos;
				SWIFT_COMPILATION_MODE = wholemodule;
				SWIFT_OPTIMIZATION_LEVEL = "-O";
				VALIDATE_PRODUCT = YES;
			};
			name = Release;
		};
		4099510B259124210051B502 /* Debug */ = {
			isa = XCBuildConfiguration;
			baseConfigurationReference = D28E613E18671E3E225205E1 /* Pods-Tourme.debug.xcconfig */;
			buildSettings = {
				ASSETCATALOG_COMPILER_APPICON_NAME = AppIcon;
				ASSETCATALOG_COMPILER_GLOBAL_ACCENT_COLOR_NAME = AccentColor;
				CODE_SIGN_STYLE = Automatic;
				DEVELOPMENT_TEAM = NUK83GHVRZ;
				INFOPLIST_FILE = Tourme/Info.plist;
				LD_RUNPATH_SEARCH_PATHS = (
					"$(inherited)",
					"@executable_path/Frameworks",
				);
				PRODUCT_BUNDLE_IDENTIFIER = com.DuaaMahya.Tourme;
				PRODUCT_NAME = "$(TARGET_NAME)";
				SWIFT_VERSION = 5.0;
				TARGETED_DEVICE_FAMILY = "1,2";
			};
			name = Debug;
		};
		4099510C259124210051B502 /* Release */ = {
			isa = XCBuildConfiguration;
			baseConfigurationReference = AB15C6A16CF9A17FD6C433BB /* Pods-Tourme.release.xcconfig */;
			buildSettings = {
				ASSETCATALOG_COMPILER_APPICON_NAME = AppIcon;
				ASSETCATALOG_COMPILER_GLOBAL_ACCENT_COLOR_NAME = AccentColor;
				CODE_SIGN_STYLE = Automatic;
				DEVELOPMENT_TEAM = NUK83GHVRZ;
				INFOPLIST_FILE = Tourme/Info.plist;
				LD_RUNPATH_SEARCH_PATHS = (
					"$(inherited)",
					"@executable_path/Frameworks",
				);
				PRODUCT_BUNDLE_IDENTIFIER = com.DuaaMahya.Tourme;
				PRODUCT_NAME = "$(TARGET_NAME)";
				SWIFT_VERSION = 5.0;
				TARGETED_DEVICE_FAMILY = "1,2";
			};
			name = Release;
		};
		4099510E259124210051B502 /* Debug */ = {
			isa = XCBuildConfiguration;
			baseConfigurationReference = AF80170B2E3F1F894170A580 /* Pods-TourmeTests.debug.xcconfig */;
			buildSettings = {
				ALWAYS_EMBED_SWIFT_STANDARD_LIBRARIES = YES;
				BUNDLE_LOADER = "$(TEST_HOST)";
				CODE_SIGN_STYLE = Automatic;
				DEVELOPMENT_TEAM = NUK83GHVRZ;
				INFOPLIST_FILE = TourmeTests/Info.plist;
				IPHONEOS_DEPLOYMENT_TARGET = 14.2;
				LD_RUNPATH_SEARCH_PATHS = (
					"$(inherited)",
					"@executable_path/Frameworks",
					"@loader_path/Frameworks",
				);
				PRODUCT_BUNDLE_IDENTIFIER = com.DuaaMahya.TourmeTests;
				PRODUCT_NAME = "$(TARGET_NAME)";
				SWIFT_VERSION = 5.0;
				TARGETED_DEVICE_FAMILY = "1,2";
				TEST_HOST = "$(BUILT_PRODUCTS_DIR)/Tourme.app/Tourme";
			};
			name = Debug;
		};
		4099510F259124210051B502 /* Release */ = {
			isa = XCBuildConfiguration;
			baseConfigurationReference = 0E6116367B1F3C2B48E4E5A8 /* Pods-TourmeTests.release.xcconfig */;
			buildSettings = {
				ALWAYS_EMBED_SWIFT_STANDARD_LIBRARIES = YES;
				BUNDLE_LOADER = "$(TEST_HOST)";
				CODE_SIGN_STYLE = Automatic;
				DEVELOPMENT_TEAM = NUK83GHVRZ;
				INFOPLIST_FILE = TourmeTests/Info.plist;
				IPHONEOS_DEPLOYMENT_TARGET = 14.2;
				LD_RUNPATH_SEARCH_PATHS = (
					"$(inherited)",
					"@executable_path/Frameworks",
					"@loader_path/Frameworks",
				);
				PRODUCT_BUNDLE_IDENTIFIER = com.DuaaMahya.TourmeTests;
				PRODUCT_NAME = "$(TARGET_NAME)";
				SWIFT_VERSION = 5.0;
				TARGETED_DEVICE_FAMILY = "1,2";
				TEST_HOST = "$(BUILT_PRODUCTS_DIR)/Tourme.app/Tourme";
			};
			name = Release;
		};
		40995111259124210051B502 /* Debug */ = {
			isa = XCBuildConfiguration;
			baseConfigurationReference = FC6770AC2272772F0C6E41E2 /* Pods-Tourme-TourmeUITests.debug.xcconfig */;
			buildSettings = {
				ALWAYS_EMBED_SWIFT_STANDARD_LIBRARIES = YES;
				CODE_SIGN_STYLE = Automatic;
				DEVELOPMENT_TEAM = NUK83GHVRZ;
				INFOPLIST_FILE = TourmeUITests/Info.plist;
				LD_RUNPATH_SEARCH_PATHS = (
					"$(inherited)",
					"@executable_path/Frameworks",
					"@loader_path/Frameworks",
				);
				PRODUCT_BUNDLE_IDENTIFIER = com.DuaaMahya.TourmeUITests;
				PRODUCT_NAME = "$(TARGET_NAME)";
				SWIFT_VERSION = 5.0;
				TARGETED_DEVICE_FAMILY = "1,2";
				TEST_TARGET_NAME = Tourme;
			};
			name = Debug;
		};
		40995112259124210051B502 /* Release */ = {
			isa = XCBuildConfiguration;
			baseConfigurationReference = 4D3C40770ED0612EE96ADB41 /* Pods-Tourme-TourmeUITests.release.xcconfig */;
			buildSettings = {
				ALWAYS_EMBED_SWIFT_STANDARD_LIBRARIES = YES;
				CODE_SIGN_STYLE = Automatic;
				DEVELOPMENT_TEAM = NUK83GHVRZ;
				INFOPLIST_FILE = TourmeUITests/Info.plist;
				LD_RUNPATH_SEARCH_PATHS = (
					"$(inherited)",
					"@executable_path/Frameworks",
					"@loader_path/Frameworks",
				);
				PRODUCT_BUNDLE_IDENTIFIER = com.DuaaMahya.TourmeUITests;
				PRODUCT_NAME = "$(TARGET_NAME)";
				SWIFT_VERSION = 5.0;
				TARGETED_DEVICE_FAMILY = "1,2";
				TEST_TARGET_NAME = Tourme;
			};
			name = Release;
		};
/* End XCBuildConfiguration section */

/* Begin XCConfigurationList section */
		409950DB259124130051B502 /* Build configuration list for PBXProject "Tourme" */ = {
			isa = XCConfigurationList;
			buildConfigurations = (
				40995108259124210051B502 /* Debug */,
				40995109259124210051B502 /* Release */,
			);
			defaultConfigurationIsVisible = 0;
			defaultConfigurationName = Release;
		};
		4099510A259124210051B502 /* Build configuration list for PBXNativeTarget "Tourme" */ = {
			isa = XCConfigurationList;
			buildConfigurations = (
				4099510B259124210051B502 /* Debug */,
				4099510C259124210051B502 /* Release */,
			);
			defaultConfigurationIsVisible = 0;
			defaultConfigurationName = Release;
		};
		4099510D259124210051B502 /* Build configuration list for PBXNativeTarget "TourmeTests" */ = {
			isa = XCConfigurationList;
			buildConfigurations = (
				4099510E259124210051B502 /* Debug */,
				4099510F259124210051B502 /* Release */,
			);
			defaultConfigurationIsVisible = 0;
			defaultConfigurationName = Release;
		};
		40995110259124210051B502 /* Build configuration list for PBXNativeTarget "TourmeUITests" */ = {
			isa = XCConfigurationList;
			buildConfigurations = (
				40995111259124210051B502 /* Debug */,
				40995112259124210051B502 /* Release */,
			);
			defaultConfigurationIsVisible = 0;
			defaultConfigurationName = Release;
		};
/* End XCConfigurationList section */
	};
	rootObject = 409950D8259124130051B502 /* Project object */;
}
